
Microsoft Visual Studio Solution File, Format Version 12.00
# Visual Studio 15
Project("{FAE04EC0-301F-11D3-BF4B-00C04F79EFBC}") = "VuforiaScripts", "VuforiaScripts.csproj", "{702C71DC-0522-FA32-46AE-844A2CF98A34}"
EndProject
Project("{FAE04EC0-301F-11D3-BF4B-00C04F79EFBC}") = "Assembly-CSharp", "Assembly-CSharp.csproj", "{CAB891FB-8A26-48CC-13EB-70249F336677}"
EndProject
Project("{FAE04EC0-301F-11D3-BF4B-00C04F79EFBC}") = "VuforiaEditorScripts", "VuforiaEditorScripts.csproj", "{2D997C1C-6327-482C-A3ED-38D9AB05AD49}"
EndProject
Global
	GlobalSection(SolutionConfigurationPlatforms) = preSolution
		Debug|Any CPU = Debug|Any CPU
		Release|Any CPU = Release|Any CPU
	EndGlobalSection
	GlobalSection(ProjectConfigurationPlatforms) = postSolution
		{702C71DC-0522-FA32-46AE-844A2CF98A34}.Debug|Any CPU.ActiveCfg = Debug|Any CPU
		{702C71DC-0522-FA32-46AE-844A2CF98A34}.Debug|Any CPU.Build.0 = Debug|Any CPU
		{702C71DC-0522-FA32-46AE-844A2CF98A34}.Release|Any CPU.ActiveCfg = Release|Any CPU
		{702C71DC-0522-FA32-46AE-844A2CF98A34}.Release|Any CPU.Build.0 = Release|Any CPU
		{CAB891FB-8A26-48CC-13EB-70249F336677}.Debug|Any CPU.ActiveCfg = Debug|Any CPU
		{CAB891FB-8A26-48CC-13EB-70249F336677}.Debug|Any CPU.Build.0 = Debug|Any CPU
		{CAB891FB-8A26-48CC-13EB-70249F336677}.Release|Any CPU.ActiveCfg = Release|Any CPU
		{CAB891FB-8A26-48CC-13EB-70249F336677}.Release|Any CPU.Build.0 = Release|Any CPU
		{2D997C1C-6327-482C-A3ED-38D9AB05AD49}.Debug|Any CPU.ActiveCfg = Debug|Any CPU
		{2D997C1C-6327-482C-A3ED-38D9AB05AD49}.Debug|Any CPU.Build.0 = Debug|Any CPU
		{2D997C1C-6327-482C-A3ED-38D9AB05AD49}.Release|Any CPU.ActiveCfg = Release|Any CPU
		{2D997C1C-6327-482C-A3ED-38D9AB05AD49}.Release|Any CPU.Build.0 = Release|Any CPU
	EndGlobalSection
	GlobalSection(SolutionProperties) = preSolution
		HideSolutionNode = FALSE
	EndGlobalSection
EndGlobal
